
Microsoft Visual Studio Solution File, Format Version 12.00
# Visual Studio Version 17
VisualStudioVersion = 17.9.34723.18
MinimumVisualStudioVersion = 10.0.40219.1
Project("{FAE04EC0-301F-11D3-BF4B-00C04F79EFBC}") = "shareshpere", "shareshpere\shareshpere.csproj", "{8EFD0A71-B759-4563-ADD7-C2F34FFAF6EF}"
EndProject
Global
	GlobalSection(SolutionConfigurationPlatforms) = preSolution
		Debug|Any CPU = Debug|Any CPU
		Release|Any CPU = Release|Any CPU
	EndGlobalSection
	GlobalSection(ProjectConfigurationPlatforms) = postSolution
		{8EFD0A71-B759-4563-ADD7-C2F34FFAF6EF}.Debug|Any CPU.ActiveCfg = Debug|Any CPU
		{8EFD0A71-B759-4563-ADD7-C2F34FFAF6EF}.Debug|Any CPU.Build.0 = Debug|Any CPU
		{8EFD0A71-B759-4563-ADD7-C2F34FFAF6EF}.Release|Any CPU.ActiveCfg = Release|Any CPU
		{8EFD0A71-B759-4563-ADD7-C2F34FFAF6EF}.Release|Any CPU.Build.0 = Release|Any CPU
	EndGlobalSection
	GlobalSection(SolutionProperties) = preSolution
		HideSolutionNode = FALSE
	EndGlobalSection
	GlobalSection(ExtensibilityGlobals) = postSolution
		SolutionGuid = {AD9BCE93-3C0C-4A27-93A7-2A5BB7E3F9D6}
	EndGlobalSection
EndGlobal
